
Microsoft Visual Studio Solution File, Format Version 12.00
# Visual Studio 15
VisualStudioVersion = 15.0.28307.1259
MinimumVisualStudioVersion = 10.0.40219.1
Project("{FAE04EC0-301F-11D3-BF4B-00C04F79EFBC}") = "WCFService_2Way_022", "WCFService_2Way_022\WCFService_2Way_022.csproj", "{82A510FF-DE49-42E2-83D9-93EB5BCE19C9}"
EndProject
Global
	GlobalSection(SolutionConfigurationPlatforms) = preSolution
		Debug|Any CPU = Debug|Any CPU
		Release|Any CPU = Release|Any CPU
	EndGlobalSection
	GlobalSection(ProjectConfigurationPlatforms) = postSolution
		{82A510FF-DE49-42E2-83D9-93EB5BCE19C9}.Debug|Any CPU.ActiveCfg = Debug|Any CPU
		{82A510FF-DE49-42E2-83D9-93EB5BCE19C9}.Debug|Any CPU.Build.0 = Debug|Any CPU
		{82A510FF-DE49-42E2-83D9-93EB5BCE19C9}.Release|Any CPU.ActiveCfg = Release|Any CPU
		{82A510FF-DE49-42E2-83D9-93EB5BCE19C9}.Release|Any CPU.Build.0 = Release|Any CPU
	EndGlobalSection
	GlobalSection(SolutionProperties) = preSolution
		HideSolutionNode = FALSE
	EndGlobalSection
	GlobalSection(ExtensibilityGlobals) = postSolution
		SolutionGuid = {CE48A605-5228-4993-85EE-EF77D303DDF8}
	EndGlobalSection
EndGlobal
